
Microsoft Visual Studio Solution File, Format Version 12.00
Project("{FAE04EC0-301F-11D3-BF4B-00C04F79EFBC}") = "Mission10_Cloud", "Mission10_Cloud\Mission10_Cloud.csproj", "{F6D46A9E-B98F-4A65-B309-A81626420E8E}"
EndProject
Global
	GlobalSection(SolutionConfigurationPlatforms) = preSolution
		Debug|Any CPU = Debug|Any CPU
		Release|Any CPU = Release|Any CPU
	EndGlobalSection
	GlobalSection(ProjectConfigurationPlatforms) = postSolution
		{F6D46A9E-B98F-4A65-B309-A81626420E8E}.Debug|Any CPU.ActiveCfg = Debug|Any CPU
		{F6D46A9E-B98F-4A65-B309-A81626420E8E}.Debug|Any CPU.Build.0 = Debug|Any CPU
		{F6D46A9E-B98F-4A65-B309-A81626420E8E}.Release|Any CPU.ActiveCfg = Release|Any CPU
		{F6D46A9E-B98F-4A65-B309-A81626420E8E}.Release|Any CPU.Build.0 = Release|Any CPU
	EndGlobalSection
EndGlobal
